
Microsoft Visual Studio Solution File, Format Version 12.00
# Visual Studio 2013
VisualStudioVersion = 12.0.30723.0
MinimumVisualStudioVersion = 10.0.40219.1
Project("{FAE04EC0-301F-11D3-BF4B-00C04F79EFBC}") = "BrokerApp", "Broker\BrokerApp.csproj", "{AFBAA472-0A3F-44C1-B054-866CED2A6343}"
EndProject
Project("{FAE04EC0-301F-11D3-BF4B-00C04F79EFBC}") = "Client", "Client\Client.csproj", "{B2F7ED31-8F58-438B-B860-180F0C4A459D}"
EndProject
Project("{FAE04EC0-301F-11D3-BF4B-00C04F79EFBC}") = "MQTTProtocol", "MQTTProtocol\MQTTProtocol.csproj", "{B1B7D432-6324-49DB-B4A3-E28D88B9C62C}"
EndProject
Global
	GlobalSection(TeamFoundationVersionControl) = preSolution
		SccNumberOfProjects = 4
		SccEnterpriseProvider = {4CA58AB2-18FA-4F8D-95D4-32DDF27D184C}
		SccTeamFoundationServer = https://rooster212.visualstudio.com/defaultcollection
		SccLocalPath0 = .
		SccProjectUniqueName1 = Client\\Client.csproj
		SccProjectName1 = Client
		SccLocalPath1 = Client
		SccProjectUniqueName2 = MQTTProtocol\\MQTTProtocol.csproj
		SccProjectName2 = MQTTProtocol
		SccLocalPath2 = MQTTProtocol
		SccProjectUniqueName3 = Broker\\BrokerApp.csproj
		SccProjectName3 = Broker
		SccLocalPath3 = Broker
	EndGlobalSection
	GlobalSection(SolutionConfigurationPlatforms) = preSolution
		Debug|Any CPU = Debug|Any CPU
		Release|Any CPU = Release|Any CPU
	EndGlobalSection
	GlobalSection(ProjectConfigurationPlatforms) = postSolution
		{AFBAA472-0A3F-44C1-B054-866CED2A6343}.Debug|Any CPU.ActiveCfg = Debug|Any CPU
		{AFBAA472-0A3F-44C1-B054-866CED2A6343}.Debug|Any CPU.Build.0 = Debug|Any CPU
		{AFBAA472-0A3F-44C1-B054-866CED2A6343}.Release|Any CPU.ActiveCfg = Release|Any CPU
		{AFBAA472-0A3F-44C1-B054-866CED2A6343}.Release|Any CPU.Build.0 = Release|Any CPU
		{B2F7ED31-8F58-438B-B860-180F0C4A459D}.Debug|Any CPU.ActiveCfg = Debug|Any CPU
		{B2F7ED31-8F58-438B-B860-180F0C4A459D}.Debug|Any CPU.Build.0 = Debug|Any CPU
		{B2F7ED31-8F58-438B-B860-180F0C4A459D}.Release|Any CPU.ActiveCfg = Release|Any CPU
		{B2F7ED31-8F58-438B-B860-180F0C4A459D}.Release|Any CPU.Build.0 = Release|Any CPU
		{B1B7D432-6324-49DB-B4A3-E28D88B9C62C}.Debug|Any CPU.ActiveCfg = Debug|Any CPU
		{B1B7D432-6324-49DB-B4A3-E28D88B9C62C}.Debug|Any CPU.Build.0 = Debug|Any CPU
		{B1B7D432-6324-49DB-B4A3-E28D88B9C62C}.Release|Any CPU.ActiveCfg = Release|Any CPU
		{B1B7D432-6324-49DB-B4A3-E28D88B9C62C}.Release|Any CPU.Build.0 = Release|Any CPU
	EndGlobalSection
	GlobalSection(SolutionProperties) = preSolution
		HideSolutionNode = FALSE
	EndGlobalSection
EndGlobal
